<?xml version="1.0" encoding="UTF-8"?>
<CONFIG>
  <ProjectOptions>
    <Version Value="11"/>
    <PathDelim Value="\"/>
    <General>
      <Flags>
        <MainUnitHasUsesSectionForAllUnits Value="False"/>
        <MainUnitHasCreateFormStatements Value="False"/>
        <MainUnitHasTitleStatement Value="False"/>
        <LRSInOutputDirectory Value="False"/>
      </Flags>
      <SessionStorage Value="InProjectDir"/>
      <MainUnit Value="0"/>
      <Title Value="ppcavr"/>
    </General>
    <BuildModes Count="1">
      <Item1 Name="default" Default="True"/>
    </BuildModes>
    <PublishOptions>
      <Version Value="2"/>
    </PublishOptions>
    <RunParams>
      <local>
        <CommandLineParams Value="-Tembedded -Pavr -MObjFPC -Scghi -O3 -l -vewnhibq -n @~\fpc\cc\fpc.cfg -Fi\home\christo\fpc\fpc-avr\src\tests\20201017\lib\avr-embedded -Fu\home\christo\fpc\fpc-avr\src\library -Fu\home\christo\fpc\fpc-avr\src\tests\20201017\ -FU\home\christo\fpc\fpc-avr\src\tests\20201017\lib\avr-embedded\ -FE\home\christo\fpc\fpc-avr\src\tests\20201017\ -o\home\christo\fpc\fpc-avr\src\tests\20201017\test -Wpattiny10 -g -a -XPavr- -al -Sm -Si -dF_CPU:=4000000 \home\christo\fpc\fpc-avr\src\tests\20201017\test.lpr"/>
        <LaunchingApplication PathPlusParams="\usr\X11R6\bin\xterm -T 'Lazarus Run Output' -e $(LazarusDir)\tools\runwait.sh $(TargetCmdLine)"/>
      </local>
      <FormatVersion Value="2"/>
      <Modes Count="1">
        <Mode0 Name="default">
          <local>
            <CommandLineParams Value="-Tembedded -Pavr -MObjFPC -Scghi -O3 -l -vewnhibq -n @~\fpc\cc\fpc.cfg -Fi\home\christo\fpc\fpc-avr\src\tests\20201017\lib\avr-embedded -Fu\home\christo\fpc\fpc-avr\src\library -Fu\home\christo\fpc\fpc-avr\src\tests\20201017\ -FU\home\christo\fpc\fpc-avr\src\tests\20201017\lib\avr-embedded\ -FE\home\christo\fpc\fpc-avr\src\tests\20201017\ -o\home\christo\fpc\fpc-avr\src\tests\20201017\test -Wpattiny10 -g -a -XPavr- -al -Sm -Si -dF_CPU:=4000000 \home\christo\fpc\fpc-avr\src\tests\20201017\test.lpr"/>
            <LaunchingApplication PathPlusParams="\usr\X11R6\bin\xterm -T 'Lazarus Run Output' -e $(LazarusDir)\tools\runwait.sh $(TargetCmdLine)"/>
          </local>
        </Mode0>
      </Modes>
    </RunParams>
    <Units Count="2">
      <Unit0>
        <Filename Value="pp.pas"/>
        <IsPartOfProject Value="True"/>
      </Unit0>
      <Unit1>
        <Filename Value="avr\aasmcpu.pas"/>
        <IsPartOfProject Value="True"/>
      </Unit1>
    </Units>
  </ProjectOptions>
  <CompilerOptions>
    <Version Value="11"/>
    <PathDelim Value="\"/>
    <Target>
      <Filename Value="avr\pp"/>
    </Target>
    <SearchPaths>
      <IncludeFiles Value="avr"/>
      <OtherUnitFiles Value="avr;systems"/>
      <UnitOutputDirectory Value="avr\lazbuild"/>
    </SearchPaths>
    <Parsing>
      <SyntaxOptions>
        <CStyleOperator Value="False"/>
        <AllowLabel Value="False"/>
        <CPPInline Value="False"/>
        <UseAnsiStrings Value="False"/>
      </SyntaxOptions>
    </Parsing>
    <Linking>
      <Debugging>
        <DebugInfoType Value="dsDwarf3"/>
      </Debugging>
    </Linking>
    <Other>
      <Verbosity>
        <ShowWarn Value="False"/>
        <ShowNotes Value="False"/>
        <ShowHints Value="False"/>
      </Verbosity>
      <ConfigFile>
        <StopAfterErrCount Value="50"/>
      </ConfigFile>
      <CustomOptions Value="-davr"/>
    </Other>
  </CompilerOptions>
</CONFIG>
